// !$*UTF8*$!
{
	archiveVersion = 1;
	classes = {
	};
	objectVersion = 77;
	objects = {

/* Begin PBXContainerItemProxy section */
		1CABF8EB2EDA2ECD00A40D92 /* PBXContainerItemProxy */ = {
			isa = PBXContainerItemProxy;
			containerPortal = 1CABF8D42EDA2ECB00A40D92 /* Project object */;
			proxyType = 1;
			remoteGlobalIDString = 1CABF8DB2EDA2ECB00A40D92;
			remoteInfo = MacPaint;
		};
		1CABF8F52EDA2ECD00A40D92 /* PBXContainerItemProxy */ = {
			isa = PBXContainerItemProxy;
			containerPortal = 1CABF8D42EDA2ECB00A40D92 /* Project object */;
			proxyType = 1;
			remoteGlobalIDString = 1CABF8DB2EDA2ECB00A40D92;
			remoteInfo = MacPaint;
		};
/* End PBXContainerItemProxy section */

/* Begin PBXFileReference section */
		1CABF8DC2EDA2ECB00A40D92 /* MacPaint.app */ = {isa = PBXFileReference; explicitFileType = wrapper.application; includeInIndex = 0; path = MacPaint.app; sourceTree = BUILT_PRODUCTS_DIR; };
		1CABF8EA2EDA2ECD00A40D92 /* MacPaintTests.xctest */ = {isa = PBXFileReference; explicitFileType = wrapper.cfbundle; includeInIndex = 0; path = MacPaintTests.xctest; sourceTree = BUILT_PRODUCTS_DIR; };
		1CABF8F42EDA2ECD00A40D92 /* MacPaintUITests.xctest */ = {isa = PBXFileReference; explicitFileType = wrapper.cfbundle; includeInIndex = 0; path = MacPaintUITests.xctest; sourceTree = BUILT_PRODUCTS_DIR; };
/* End PBXFileReference section */

/* Begin PBXFileSystemSynchronizedRootGroup section */
		1CABF8DE2EDA2ECB00A40D92 /* MacPaint */ = {
			isa = PBXFileSystemSynchronizedRootGroup;
			path = MacPaint;
			sourceTree = "<group>";
		};
		1CABF8ED2EDA2ECD00A40D92 /* MacPaintTests */ = {
			isa = PBXFileSystemSynchronizedRootGroup;
			path = MacPaintTests;
			sourceTree = "<group>";
		};
		1CABF8F72EDA2ECD00A40D92 /* MacPaintUITests */ = {
			isa = PBXFileSystemSynchronizedRootGroup;
			path = MacPaintUITests;
			sourceTree = "<group>";
		};
/* End PBXFileSystemSynchronizedRootGroup section */

/* Begin PBXFrameworksBuildPhase section */
		1CABF8D92EDA2ECB00A40D92 /* Frameworks */ = {
			isa = PBXFrameworksBuildPhase;
			buildActionMask = 2147483647;
			files = (
			);
			runOnlyForDeploymentPostprocessing = 0;
		};
		1CABF8E72EDA2ECD00A40D92 /* Frameworks */ = {
			isa = PBXFrameworksBuildPhase;
			buildActionMask = 2147483647;
			files = (
			);
			runOnlyForDeploymentPostprocessing = 0;
		};
		1CABF8F12EDA2ECD00A40D92 /* Frameworks */ = {
			isa = PBXFrameworksBuildPhase;
			buildActionMask = 2147483647;
			files = (
			);
			runOnlyForDeploymentPostprocessing = 0;
		};
/* End PBXFrameworksBuildPhase section */

/* Begin PBXGroup section */
		1CABF8D32EDA2ECB00A40D92 = {
			isa = PBXGroup;
			children = (
				1CABF8DE2EDA2ECB00A40D92 /* MacPaint */,
				1CABF8ED2EDA2ECD00A40D92 /* MacPaintTests */,
				1CABF8F72EDA2ECD00A40D92 /* MacPaintUITests */,
				1CABF8DD2EDA2ECB00A40D92 /* Products */,
			);
			sourceTree = "<group>";
		};
		1CABF8DD2EDA2ECB00A40D92 /* Products */ = {
			isa = PBXGroup;
			children = (
				1CABF8DC2EDA2ECB00A40D92 /* MacPaint.app */,
				1CABF8EA2EDA2ECD00A40D92 /* MacPaintTests.xctest */,
				1CABF8F42EDA2ECD00A40D92 /* MacPaintUITests.xctest */,
			);
			name = Products;
			sourceTree = "<group>";
		};
/* End PBXGroup section */

/* Begin PBXNativeTarget section */
		1CABF8DB2EDA2ECB00A40D92 /* MacPaint */ = {
			isa = PBXNativeTarget;
			buildConfigurationList = 1CABF8FE2EDA2ECD00A40D92 /* Build configuration list for PBXNativeTarget "MacPaint" */;
			buildPhases = (
				1CABF8D82EDA2ECB00A40D92 /* Sources */,
				1CABF8D92EDA2ECB00A40D92 /* Frameworks */,
				1CABF8DA2EDA2ECB00A40D92 /* Resources */,
			);
			buildRules = (
			);
			dependencies = (
			);
			fileSystemSynchronizedGroups = (
				1CABF8DE2EDA2ECB00A40D92 /* MacPaint */,
			);
			name = MacPaint;
			packageProductDependencies = (
			);
			productName = MacPaint;
			productReference = 1CABF8DC2EDA2ECB00A40D92 /* MacPaint.app */;
			productType = "com.apple.product-type.application";
		};
		1CABF8E92EDA2ECD00A40D92 /* MacPaintTests */ = {
			isa = PBXNativeTarget;
			buildConfigurationList = 1CABF9012EDA2ECD00A40D92 /* Build configuration list for PBXNativeTarget "MacPaintTests" */;
			buildPhases = (
				1CABF8E62EDA2ECD00A40D92 /* Sources */,
				1CABF8E72EDA2ECD00A40D92 /* Frameworks */,
				1CABF8E82EDA2ECD00A40D92 /* Resources */,
			);
			buildRules = (
			);
			dependencies = (
				1CABF8EC2EDA2ECD00A40D92 /* PBXTargetDependency */,
			);
			fileSystemSynchronizedGroups = (
				1CABF8ED2EDA2ECD00A40D92 /* MacPaintTests */,
			);
			name = MacPaintTests;
			packageProductDependencies = (
			);
			productName = MacPaintTests;
			productReference = 1CABF8EA2EDA2ECD00A40D92 /* MacPaintTests.xctest */;
			productType = "com.apple.product-type.bundle.unit-test";
		};
		1CABF8F32EDA2ECD00A40D92 /* MacPaintUITests */ = {
			isa = PBXNativeTarget;
			buildConfigurationList = 1CABF9042EDA2ECD00A40D92 /* Build configuration list for PBXNativeTarget "MacPaintUITests" */;
			buildPhases = (
				1CABF8F02EDA2ECD00A40D92 /* Sources */,
				1CABF8F12EDA2ECD00A40D92 /* Frameworks */,
				1CABF8F22EDA2ECD00A40D92 /* Resources */,
			);
			buildRules = (
			);
			dependencies = (
				1CABF8F62EDA2ECD00A40D92 /* PBXTargetDependency */,
			);
			fileSystemSynchronizedGroups = (
				1CABF8F72EDA2ECD00A40D92 /* MacPaintUITests */,
			);
			name = MacPaintUITests;
			packageProductDependencies = (
			);
			productName = MacPaintUITests;
			productReference = 1CABF8F42EDA2ECD00A40D92 /* MacPaintUITests.xctest */;
			productType = "com.apple.product-type.bundle.ui-testing";
		};
/* End PBXNativeTarget section */

/* Begin PBXProject section */
		1CABF8D42EDA2ECB00A40D92 /* Project object */ = {
			isa = PBXProject;
			attributes = {
				BuildIndependentTargetsInParallel = 1;
				LastSwiftUpdateCheck = 1640;
				LastUpgradeCheck = 1640;
				TargetAttributes = {
					1CABF8DB2EDA2ECB00A40D92 = {
						CreatedOnToolsVersion = 16.4;
					};
					1CABF8E92EDA2ECD00A40D92 = {
						CreatedOnToolsVersion = 16.4;
						TestTargetID = 1CABF8DB2EDA2ECB00A40D92;
					};
					1CABF8F32EDA2ECD00A40D92 = {
						CreatedOnToolsVersion = 16.4;
						TestTargetID = 1CABF8DB2EDA2ECB00A40D92;
					};
				};
			};
			buildConfigurationList = 1CABF8D72EDA2ECB00A40D92 /* Build configuration list for PBXProject "MacPaint" */;
			developmentRegion = en;
			hasScannedForEncodings = 0;
			knownRegions = (
				en,
				Base,
			);
			mainGroup = 1CABF8D32EDA2ECB00A40D92;
			minimizedProjectReferenceProxies = 1;
			preferredProjectObjectVersion = 77;
			productRefGroup = 1CABF8DD2EDA2ECB00A40D92 /* Products */;
			projectDirPath = "";
			projectRoot = "";
			targets = (
				1CABF8DB2EDA2ECB00A40D92 /* MacPaint */,
				1CABF8E92EDA2ECD00A40D92 /* MacPaintTests */,
				1CABF8F32EDA2ECD00A40D92 /* MacPaintUITests */,
			);
		};
/* End PBXProject section */

/* Begin PBXResourcesBuildPhase section */
		1CABF8DA2EDA2ECB00A40D92 /* Resources */ = {
			isa = PBXResourcesBuildPhase;
			buildActionMask = 2147483647;
			files = (
			);
			runOnlyForDeploymentPostprocessing = 0;
		};
		1CABF8E82EDA2ECD00A40D92 /* Resources */ = {
			isa = PBXResourcesBuildPhase;
			buildActionMask = 2147483647;
			files = (
			);
			runOnlyForDeploymentPostprocessing = 0;
		};
		1CABF8F22EDA2ECD00A40D92 /* Resources */ = {
			isa = PBXResourcesBuildPhase;
			buildActionMask = 2147483647;
			files = (
			);
			runOnlyForDeploymentPostprocessing = 0;
		};
/* End PBXResourcesBuildPhase section */

/* Begin PBXSourcesBuildPhase section */
		1CABF8D82EDA2ECB00A40D92 /* Sources */ = {
			isa = PBXSourcesBuildPhase;
			buildActionMask = 2147483647;
			files = (
			);
			runOnlyForDeploymentPostprocessing = 0;
		};
		1CABF8E62EDA2ECD00A40D92 /* Sources */ = {
			isa = PBXSourcesBuildPhase;
			buildActionMask = 2147483647;
			files = (
			);
			runOnlyForDeploymentPostprocessing = 0;
		};
		1CABF8F02EDA2ECD00A40D92 /* Sources */ = {
			isa = PBXSourcesBuildPhase;
			buildActionMask = 2147483647;
			files = (
			);
			runOnlyForDeploymentPostprocessing = 0;
		};
/* End PBXSourcesBuildPhase section */

/* Begin PBXTargetDependency section */
		1CABF8EC2EDA2ECD00A40D92 /* PBXTargetDependency */ = {
			isa = PBXTargetDependency;
			target = 1CABF8DB2EDA2ECB00A40D92 /* MacPaint */;
			targetProxy = 1CABF8EB2EDA2ECD00A40D92 /* PBXContainerItemProxy */;
		};
		1CABF8F62EDA2ECD00A40D92 /* PBXTargetDependency */ = {
			isa = PBXTargetDependency;
			target = 1CABF8DB2EDA2ECB00A40D92 /* MacPaint */;
			targetProxy = 1CABF8F52EDA2ECD00A40D92 /* PBXContainerItemProxy */;
		};
/* End PBXTargetDependency section */

/* Begin XCBuildConfiguration section */
		1CABF8FC2EDA2ECD00A40D92 /* Debug */ = {
			isa = XCBuildConfiguration;
			buildSettings = {
				ALWAYS_SEARCH_USER_PATHS = NO;
				ASSETCATALOG_COMPILER_GENERATE_SWIFT_ASSET_SYMBOL_EXTENSIONS = YES;
				CLANG_ANALYZER_NONNULL = YES;
				CLANG_ANALYZER_NUMBER_OBJECT_CONVERSION = YES_AGGRESSIVE;
				CLANG_CXX_LANGUAGE_STANDARD = "gnu++20";
				CLANG_ENABLE_MODULES = YES;
				CLANG_ENABLE_OBJC_ARC = YES;
				CLANG_ENABLE_OBJC_WEAK = YES;
				CLANG_WARN_BLOCK_CAPTURE_AUTORELEASING = YES;
				CLANG_WARN_BOOL_CONVERSION = YES;
				CLANG_WARN_COMMA = YES;
				CLANG_WARN_CONSTANT_CONVERSION = YES;
				CLANG_WARN_DEPRECATED_OBJC_IMPLEMENTATIONS = YES;
				CLANG_WARN_DIRECT_OBJC_ISA_USAGE = YES_ERROR;
				CLANG_WARN_DOCUMENTATION_COMMENTS = YES;
				CLANG_WARN_EMPTY_BODY = YES;
				CLANG_WARN_ENUM_CONVERSION = YES;
				CLANG_WARN_INFINITE_RECURSION = YES;
				CLANG_WARN_INT_CONVERSION = YES;
				CLANG_WARN_NON_LITERAL_NULL_CONVERSION = YES;
				CLANG_WARN_OBJC_IMPLICIT_RETAIN_SELF = YES;
				CLANG_WARN_OBJC_LITERAL_CONVERSION = YES;
				CLANG_WARN_OBJC_ROOT_CLASS = YES_ERROR;
				CLANG_WARN_QUOTED_INCLUDE_IN_FRAMEWORK_HEADER = YES;
				CLANG_WARN_RANGE_LOOP_ANALYSIS = YES;
				CLANG_WARN_STRICT_PROTOTYPES = YES;
				CLANG_WARN_SUSPICIOUS_MOVE = YES;
				CLANG_WARN_UNGUARDED_AVAILABILITY = YES_AGGRESSIVE;
				CLANG_WARN_UNREACHABLE_CODE = YES;
				CLANG_WARN__DUPLICATE_METHOD_MATCH = YES;
				COPY_PHASE_STRIP = NO;
				DEBUG_INFORMATION_FORMAT = dwarf;
				DEVELOPMENT_TEAM = V88XS5PS4L;
				ENABLE_STRICT_OBJC_MSGSEND = YES;
				ENABLE_TESTABILITY = YES;
				ENABLE_USER_SCRIPT_SANDBOXING = YES;
				GCC_C_LANGUAGE_STANDARD = gnu17;
				GCC_DYNAMIC_NO_PIC = NO;
				GCC_NO_COMMON_BLOCKS = YES;
				GCC_OPTIMIZATION_LEVEL = 0;
				GCC_PREPROCESSOR_DEFINITIONS = (
					"DEBUG=1",
					"$(inherited)",
				);
				GCC_WARN_64_TO_32_BIT_CONVERSION = YES;
				GCC_WARN_ABOUT_RETURN_TYPE = YES_ERROR;
				GCC_WARN_UNDECLARED_SELECTOR = YES;
				GCC_WARN_UNINITIALIZED_AUTOS = YES_AGGRESSIVE;
				GCC_WARN_UNUSED_FUNCTION = YES;
				GCC_WARN_UNUSED_VARIABLE = YES;
				LOCALIZATION_PREFERS_STRING_CATALOGS = YES;
				MACOSX_DEPLOYMENT_TARGET = 15.5;
				MTL_ENABLE_DEBUG_INFO = INCLUDE_SOURCE;
				MTL_FAST_MATH = YES;
				ONLY_ACTIVE_ARCH = YES;
				SDKROOT = macosx;
				SWIFT_ACTIVE_COMPILATION_CONDITIONS = "DEBUG $(inherited)";
				SWIFT_OPTIMIZATION_LEVEL = "-Onone";
			};
			name = Debug;
		};
		1CABF8FD2EDA2ECD00A40D92 /* Release */ = {
			isa = XCBuildConfiguration;
			buildSettings = {
				ALWAYS_SEARCH_USER_PATHS = NO;
				ASSETCATALOG_COMPILER_GENERATE_SWIFT_ASSET_SYMBOL_EXTENSIONS = YES;
				CLANG_ANALYZER_NONNULL = YES;
				CLANG_ANALYZER_NUMBER_OBJECT_CONVERSION = YES_AGGRESSIVE;
				CLANG_CXX_LANGUAGE_STANDARD = "gnu++20";
				CLANG_ENABLE_MODULES = YES;
				CLANG_ENABLE_OBJC_ARC = YES;
				CLANG_ENABLE_OBJC_WEAK = YES;
				CLANG_WARN_BLOCK_CAPTURE_AUTORELEASING = YES;
				CLANG_WARN_BOOL_CONVERSION = YES;
				CLANG_WARN_COMMA = YES;
				CLANG_WARN_CONSTANT_CONVERSION = YES;
				CLANG_WARN_DEPRECATED_OBJC_IMPLEMENTATIONS = YES;
				CLANG_WARN_DIRECT_OBJC_ISA_USAGE = YES_ERROR;
				CLANG_WARN_DOCUMENTATION_COMMENTS = YES;
				CLANG_WARN_EMPTY_BODY = YES;
				CLANG_WARN_ENUM_CONVERSION = YES;
				CLANG_WARN_INFINITE_RECURSION = YES;
				CLANG_WARN_INT_CONVERSION = YES;
				CLANG_WARN_NON_LITERAL_NULL_CONVERSION = YES;
				CLANG_WARN_OBJC_IMPLICIT_RETAIN_SELF = YES;
				CLANG_WARN_OBJC_LITERAL_CONVERSION = YES;
				CLANG_WARN_OBJC_ROOT_CLASS = YES_ERROR;
				CLANG_WARN_QUOTED_INCLUDE_IN_FRAMEWORK_HEADER = YES;
				CLANG_WARN_RANGE_LOOP_ANALYSIS = YES;
				CLANG_WARN_STRICT_PROTOTYPES = YES;
				CLANG_WARN_SUSPICIOUS_MOVE = YES;
				CLANG_WARN_UNGUARDED_AVAILABILITY = YES_AGGRESSIVE;
				CLANG_WARN_UNREACHABLE_CODE = YES;
				CLANG_WARN__DUPLICATE_METHOD_MATCH = YES;
				COPY_PHASE_STRIP = NO;
				DEBUG_INFORMATION_FORMAT = "dwarf-with-dsym";
				DEVELOPMENT_TEAM = V88XS5PS4L;
				ENABLE_NS_ASSERTIONS = NO;
				ENABLE_STRICT_OBJC_MSGSEND = YES;
				ENABLE_USER_SCRIPT_SANDBOXING = YES;
				GCC_C_LANGUAGE_STANDARD = gnu17;
				GCC_NO_COMMON_BLOCKS = YES;
				GCC_WARN_64_TO_32_BIT_CONVERSION = YES;
				GCC_WARN_ABOUT_RETURN_TYPE = YES_ERROR;
				GCC_WARN_UNDECLARED_SELECTOR = YES;
				GCC_WARN_UNINITIALIZED_AUTOS = YES_AGGRESSIVE;
				GCC_WARN_UNUSED_FUNCTION = YES;
				GCC_WARN_UNUSED_VARIABLE = YES;
				LOCALIZATION_PREFERS_STRING_CATALOGS = YES;
				MACOSX_DEPLOYMENT_TARGET = 15.5;
				MTL_ENABLE_DEBUG_INFO = NO;
				MTL_FAST_MATH = YES;
				SDKROOT = macosx;
				SWIFT_COMPILATION_MODE = wholemodule;
			};
			name = Release;
		};
		1CABF8FF2EDA2ECD00A40D92 /* Debug */ = {
			isa = XCBuildConfiguration;
			buildSettings = {
				ASSETCATALOG_COMPILER_APPICON_NAME = AppIcon;
				ASSETCATALOG_COMPILER_GLOBAL_ACCENT_COLOR_NAME = AccentColor;
				CODE_SIGN_ENTITLEMENTS = MacPaint/MacPaint.entitlements;
				CODE_SIGN_STYLE = Automatic;
				COMBINE_HIDPI_IMAGES = YES;
				CURRENT_PROJECT_VERSION = 1;
				DEVELOPMENT_TEAM = V88XS5PS4L;
				ENABLE_HARDENED_RUNTIME = YES;
				ENABLE_PREVIEWS = YES;
				GENERATE_INFOPLIST_FILE = YES;
				INFOPLIST_KEY_NSHumanReadableCopyright = "";
				LD_RUNPATH_SEARCH_PATHS = (
					"$(inherited)",
					"@executable_path/../Frameworks",
				);
				MARKETING_VERSION = 1.0;
				PRODUCT_BUNDLE_IDENTIFIER = com.MacPaint;
				PRODUCT_NAME = "$(TARGET_NAME)";
				REGISTER_APP_GROUPS = YES;
				SWIFT_EMIT_LOC_STRINGS = YES;
				SWIFT_VERSION = 5.0;
			};
			name = Debug;
		};
		1CABF9002EDA2ECD00A40D92 /* Release */ = {
			isa = XCBuildConfiguration;
			buildSettings = {
				ASSETCATALOG_COMPILER_APPICON_NAME = AppIcon;
				ASSETCATALOG_COMPILER_GLOBAL_ACCENT_COLOR_NAME = AccentColor;
				CODE_SIGN_ENTITLEMENTS = MacPaint/MacPaint.entitlements;
				CODE_SIGN_STYLE = Automatic;
				COMBINE_HIDPI_IMAGES = YES;
				CURRENT_PROJECT_VERSION = 1;
				DEVELOPMENT_TEAM = V88XS5PS4L;
				ENABLE_HARDENED_RUNTIME = YES;
				ENABLE_PREVIEWS = YES;
				GENERATE_INFOPLIST_FILE = YES;
				INFOPLIST_KEY_NSHumanReadableCopyright = "";
				LD_RUNPATH_SEARCH_PATHS = (
					"$(inherited)",
					"@executable_path/../Frameworks",
				);
				MARKETING_VERSION = 1.0;
				PRODUCT_BUNDLE_IDENTIFIER = com.MacPaint;
				PRODUCT_NAME = "$(TARGET_NAME)";
				REGISTER_APP_GROUPS = YES;
				SWIFT_EMIT_LOC_STRINGS = YES;
				SWIFT_VERSION = 5.0;
			};
			name = Release;
		};
		1CABF9022EDA2ECD00A40D92 /* Debug */ = {
			isa = XCBuildConfiguration;
			buildSettings = {
				BUNDLE_LOADER = "$(TEST_HOST)";
				CODE_SIGN_STYLE = Automatic;
				CURRENT_PROJECT_VERSION = 1;
				DEVELOPMENT_TEAM = V88XS5PS4L;
				GENERATE_INFOPLIST_FILE = YES;
				MACOSX_DEPLOYMENT_TARGET = 15.5;
				MARKETING_VERSION = 1.0;
				PRODUCT_BUNDLE_IDENTIFIER = com.MacPaintTests;
				PRODUCT_NAME = "$(TARGET_NAME)";
				SWIFT_EMIT_LOC_STRINGS = NO;
				SWIFT_VERSION = 5.0;
				TEST_HOST = "$(BUILT_PRODUCTS_DIR)/MacPaint.app/$(BUNDLE_EXECUTABLE_FOLDER_PATH)/MacPaint";
			};
			name = Debug;
		};
		1CABF9032EDA2ECD00A40D92 /* Release */ = {
			isa = XCBuildConfiguration;
			buildSettings = {
				BUNDLE_LOADER = "$(TEST_HOST)";
				CODE_SIGN_STYLE = Automatic;
				CURRENT_PROJECT_VERSION = 1;
				DEVELOPMENT_TEAM = V88XS5PS4L;
				GENERATE_INFOPLIST_FILE = YES;
				MACOSX_DEPLOYMENT_TARGET = 15.5;
				MARKETING_VERSION = 1.0;
				PRODUCT_BUNDLE_IDENTIFIER = com.MacPaintTests;
				PRODUCT_NAME = "$(TARGET_NAME)";
				SWIFT_EMIT_LOC_STRINGS = NO;
				SWIFT_VERSION = 5.0;
				TEST_HOST = "$(BUILT_PRODUCTS_DIR)/MacPaint.app/$(BUNDLE_EXECUTABLE_FOLDER_PATH)/MacPaint";
			};
			name = Release;
		};
		1CABF9052EDA2ECD00A40D92 /* Debug */ = {
			isa = XCBuildConfiguration;
			buildSettings = {
				CODE_SIGN_STYLE = Automatic;
				CURRENT_PROJECT_VERSION = 1;
				DEVELOPMENT_TEAM = V88XS5PS4L;
				GENERATE_INFOPLIST_FILE = YES;
				MARKETING_VERSION = 1.0;
				PRODUCT_BUNDLE_IDENTIFIER = com.MacPaintUITests;
				PRODUCT_NAME = "$(TARGET_NAME)";
				SWIFT_EMIT_LOC_STRINGS = NO;
				SWIFT_VERSION = 5.0;
				TEST_TARGET_NAME = MacPaint;
			};
			name = Debug;
		};
		1CABF9062EDA2ECD00A40D92 /* Release */ = {
			isa = XCBuildConfiguration;
			buildSettings = {
				CODE_SIGN_STYLE = Automatic;
				CURRENT_PROJECT_VERSION = 1;
				DEVELOPMENT_TEAM = V88XS5PS4L;
				GENERATE_INFOPLIST_FILE = YES;
				MARKETING_VERSION = 1.0;
				PRODUCT_BUNDLE_IDENTIFIER = com.MacPaintUITests;
				PRODUCT_NAME = "$(TARGET_NAME)";
				SWIFT_EMIT_LOC_STRINGS = NO;
				SWIFT_VERSION = 5.0;
				TEST_TARGET_NAME = MacPaint;
			};
			name = Release;
		};
/* End XCBuildConfiguration section */

/* Begin XCConfigurationList section */
		1CABF8D72EDA2ECB00A40D92 /* Build configuration list for PBXProject "MacPaint" */ = {
			isa = XCConfigurationList;
			buildConfigurations = (
				1CABF8FC2EDA2ECD00A40D92 /* Debug */,
				1CABF8FD2EDA2ECD00A40D92 /* Release */,
			);
			defaultConfigurationIsVisible = 0;
			defaultConfigurationName = Release;
		};
		1CABF8FE2EDA2ECD00A40D92 /* Build configuration list for PBXNativeTarget "MacPaint" */ = {
			isa = XCConfigurationList;
			buildConfigurations = (
				1CABF8FF2EDA2ECD00A40D92 /* Debug */,
				1CABF9002EDA2ECD00A40D92 /* Release */,
			);
			defaultConfigurationIsVisible = 0;
			defaultConfigurationName = Release;
		};
		1CABF9012EDA2ECD00A40D92 /* Build configuration list for PBXNativeTarget "MacPaintTests" */ = {
			isa = XCConfigurationList;
			buildConfigurations = (
				1CABF9022EDA2ECD00A40D92 /* Debug */,
				1CABF9032EDA2ECD00A40D92 /* Release */,
			);
			defaultConfigurationIsVisible = 0;
			defaultConfigurationName = Release;
		};
		1CABF9042EDA2ECD00A40D92 /* Build configuration list for PBXNativeTarget "MacPaintUITests" */ = {
			isa = XCConfigurationList;
			buildConfigurations = (
				1CABF9052EDA2ECD00A40D92 /* Debug */,
				1CABF9062EDA2ECD00A40D92 /* Release */,
			);
			defaultConfigurationIsVisible = 0;
			defaultConfigurationName = Release;
		};
/* End XCConfigurationList section */
	};
	rootObject = 1CABF8D42EDA2ECB00A40D92 /* Project object */;
}
